
Microsoft Visual Studio Solution File, Format Version 12.00
# Visual Studio Version 16
VisualStudioVersion = 16.0.32002.261
MinimumVisualStudioVersion = 10.0.40219.1
Project("{2150E333-8FDC-42A3-9474-1A3956D46DE8}") = "Services", "Services", "{ED9AFF95-AAF6-48E8-B7EB-683FF6B18A39}"
EndProject
Project("{2150E333-8FDC-42A3-9474-1A3956D46DE8}") = "Catalog", "Catalog", "{E9D47233-DC43-4B3B-A641-AECD813081F4}"
EndProject
Project("{9A19103F-16F7-4668-BE54-9A1E7A4F7556}") = "Catalog.API", "Services\Catalog\Catalog.API\Catalog.API.csproj", "{48044FCB-A15B-4216-AF79-7D1814CF7F49}"
EndProject
Project("{E53339B2-1760-4266-BCC7-CA923CBCF16C}") = "docker-compose", "docker-compose.dcproj", "{F85F2275-DA8F-4A5E-B645-00A13E3B82CA}"
EndProject
Project("{2150E333-8FDC-42A3-9474-1A3956D46DE8}") = "Basket", "Basket", "{3CC48CFA-1A13-4743-9B18-9F62A86BDDA2}"
EndProject
Project("{FAE04EC0-301F-11D3-BF4B-00C04F79EFBC}") = "Basket.API", "Services\Basket\Basket.API\Basket.API.csproj", "{881443F2-C357-4038-BFA7-C8BDBBCF5C55}"
EndProject
Global
	GlobalSection(SolutionConfigurationPlatforms) = preSolution
		Debug|Any CPU = Debug|Any CPU
		Release|Any CPU = Release|Any CPU
	EndGlobalSection
	GlobalSection(ProjectConfigurationPlatforms) = postSolution
		{48044FCB-A15B-4216-AF79-7D1814CF7F49}.Debug|Any CPU.ActiveCfg = Debug|Any CPU
		{48044FCB-A15B-4216-AF79-7D1814CF7F49}.Debug|Any CPU.Build.0 = Debug|Any CPU
		{48044FCB-A15B-4216-AF79-7D1814CF7F49}.Release|Any CPU.ActiveCfg = Release|Any CPU
		{48044FCB-A15B-4216-AF79-7D1814CF7F49}.Release|Any CPU.Build.0 = Release|Any CPU
		{F85F2275-DA8F-4A5E-B645-00A13E3B82CA}.Debug|Any CPU.ActiveCfg = Debug|Any CPU
		{F85F2275-DA8F-4A5E-B645-00A13E3B82CA}.Debug|Any CPU.Build.0 = Debug|Any CPU
		{F85F2275-DA8F-4A5E-B645-00A13E3B82CA}.Release|Any CPU.ActiveCfg = Release|Any CPU
		{F85F2275-DA8F-4A5E-B645-00A13E3B82CA}.Release|Any CPU.Build.0 = Release|Any CPU
		{881443F2-C357-4038-BFA7-C8BDBBCF5C55}.Debug|Any CPU.ActiveCfg = Debug|Any CPU
		{881443F2-C357-4038-BFA7-C8BDBBCF5C55}.Debug|Any CPU.Build.0 = Debug|Any CPU
		{881443F2-C357-4038-BFA7-C8BDBBCF5C55}.Release|Any CPU.ActiveCfg = Release|Any CPU
		{881443F2-C357-4038-BFA7-C8BDBBCF5C55}.Release|Any CPU.Build.0 = Release|Any CPU
	EndGlobalSection
	GlobalSection(SolutionProperties) = preSolution
		HideSolutionNode = FALSE
	EndGlobalSection
	GlobalSection(NestedProjects) = preSolution
		{E9D47233-DC43-4B3B-A641-AECD813081F4} = {ED9AFF95-AAF6-48E8-B7EB-683FF6B18A39}
		{48044FCB-A15B-4216-AF79-7D1814CF7F49} = {E9D47233-DC43-4B3B-A641-AECD813081F4}
		{3CC48CFA-1A13-4743-9B18-9F62A86BDDA2} = {ED9AFF95-AAF6-48E8-B7EB-683FF6B18A39}
		{881443F2-C357-4038-BFA7-C8BDBBCF5C55} = {3CC48CFA-1A13-4743-9B18-9F62A86BDDA2}
	EndGlobalSection
	GlobalSection(ExtensibilityGlobals) = postSolution
		SolutionGuid = {8C6074CA-4547-4201-932B-8DD294D9CC0C}
	EndGlobalSection
EndGlobal
